
Microsoft Visual Studio Solution File, Format Version 12.00
# Visual Studio Version 17
VisualStudioVersion = 17.5.002.0
MinimumVisualStudioVersion = 10.0.40219.1
Project("{2150E333-8FDC-42A3-9474-1A3956D46DE8}") = "csharp-prep", "csharp-prep", "{7DFE4CFF-8A29-49DE-A845-38A9156B7479}"
EndProject
Project("{9A19103F-16F7-4668-BE54-9A1E7A4F7556}") = "Prep1", "csharp-prep\Prep1\Prep1.csproj", "{8CD8AE6B-56E3-4286-89CF-3E07CC81A61B}"
EndProject
Project("{9A19103F-16F7-4668-BE54-9A1E7A4F7556}") = "Prep2", "csharp-prep\Prep2\Prep2.csproj", "{71425C5E-2DFD-4EDE-B9C0-3B0D16B67BDD}"
EndProject
Project("{9A19103F-16F7-4668-BE54-9A1E7A4F7556}") = "Prep3", "csharp-prep\Prep3\Prep3.csproj", "{C726FE0A-A028-4A7D-8F10-C06A26D59D85}"
EndProject
Project("{9A19103F-16F7-4668-BE54-9A1E7A4F7556}") = "Prep4", "csharp-prep\Prep4\Prep4.csproj", "{AAA90DE2-17D6-4E8D-A588-4E17166B0625}"
EndProject
Project("{9A19103F-16F7-4668-BE54-9A1E7A4F7556}") = "Prep5", "csharp-prep\Prep5\Prep5.csproj", "{CA955E18-FA71-4ADE-8D28-83C3D75C3BEF}"
EndProject
Project("{2150E333-8FDC-42A3-9474-1A3956D46DE8}") = "final", "final", "{35EF91BA-A9B7-481D-99E9-5310145E1C2A}"
EndProject
Project("{9A19103F-16F7-4668-BE54-9A1E7A4F7556}") = "FinalProject", "final\FinalProject\FinalProject.csproj", "{CAB41F8D-004C-4DB1-B0F4-96857241A952}"
EndProject
Project("{9A19103F-16F7-4668-BE54-9A1E7A4F7556}") = "Foundation1", "final\Foundation1\Foundation1.csproj", "{659B3ED3-FCD1-41AD-9BFA-B3A1E4CF348B}"
EndProject
Project("{9A19103F-16F7-4668-BE54-9A1E7A4F7556}") = "Foundation2", "final\Foundation2\Foundation2.csproj", "{F07E471A-128B-498E-AB1F-17367595C99C}"
EndProject
Project("{9A19103F-16F7-4668-BE54-9A1E7A4F7556}") = "Foundation3", "final\Foundation3\Foundation3.csproj", "{6A60E60A-CC5D-4EE1-9CD4-2A0BAD6F466B}"
EndProject
Project("{9A19103F-16F7-4668-BE54-9A1E7A4F7556}") = "Foundation4", "final\Foundation4\Foundation4.csproj", "{771CA5C4-A30A-486F-BD9B-00126F3AABAD}"
EndProject
Project("{2150E333-8FDC-42A3-9474-1A3956D46DE8}") = "prepare", "prepare", "{2D16E0D3-0F16-4CEB-B8DF-2DCF492CE769}"
EndProject
Project("{9A19103F-16F7-4668-BE54-9A1E7A4F7556}") = "Learning02", "prepare\Learning02\Learning02.csproj", "{320A156E-DCC1-4DBB-9BA0-17CE84398393}"
EndProject
Project("{9A19103F-16F7-4668-BE54-9A1E7A4F7556}") = "Learning03", "prepare\Learning03\Learning03.csproj", "{33547251-659B-4486-B6BC-F49DB67E5684}"
EndProject
Project("{9A19103F-16F7-4668-BE54-9A1E7A4F7556}") = "Learning04", "prepare\Learning04\Learning04.csproj", "{D831B404-236F-445D-9578-4DFF421A775C}"
EndProject
Project("{9A19103F-16F7-4668-BE54-9A1E7A4F7556}") = "Learning05", "prepare\Learning05\Learning05.csproj", "{C2540CB4-CE53-4492-8FC6-D45A1DD241E2}"
EndProject
Project("{2150E333-8FDC-42A3-9474-1A3956D46DE8}") = "prove", "prove", "{54F2F2BE-B878-4991-8974-73905C0834B4}"
EndProject
Project("{9A19103F-16F7-4668-BE54-9A1E7A4F7556}") = "Develop02", "prove\Develop02\Develop02.csproj", "{DAE69356-0DC3-4545-9D62-2C4BCAD7E3FA}"
EndProject
Project("{9A19103F-16F7-4668-BE54-9A1E7A4F7556}") = "Develop03", "prove\Develop03\Develop03.csproj", "{4E3DCB10-94AC-4D40-BD0C-4526319541CD}"
EndProject
Project("{9A19103F-16F7-4668-BE54-9A1E7A4F7556}") = "Develop04", "prove\Develop04\Develop04.csproj", "{CFD2E6DF-C39E-47A2-BCC8-E9B5AC244D84}"
EndProject
Project("{9A19103F-16F7-4668-BE54-9A1E7A4F7556}") = "Develop05", "prove\Develop05\Develop05.csproj", "{A10322D9-1F37-4D87-AD27-2FF7D83F88D6}"
EndProject
Project("{2150E333-8FDC-42A3-9474-1A3956D46DE8}") = "sandbox", "sandbox", "{4D7E73C1-8677-43E2-9544-2FEBBCD5FA37}"
EndProject
Project("{9A19103F-16F7-4668-BE54-9A1E7A4F7556}") = "Sandbox", "sandbox\Sandbox\Sandbox.csproj", "{B8F54AF3-BC96-4320-A267-32EF5DA017D0}"
EndProject
Global
	GlobalSection(SolutionConfigurationPlatforms) = preSolution
		Debug|Any CPU = Debug|Any CPU
		Release|Any CPU = Release|Any CPU
	EndGlobalSection
	GlobalSection(ProjectConfigurationPlatforms) = postSolution
		{8CD8AE6B-56E3-4286-89CF-3E07CC81A61B}.Debug|Any CPU.ActiveCfg = Debug|Any CPU
		{8CD8AE6B-56E3-4286-89CF-3E07CC81A61B}.Debug|Any CPU.Build.0 = Debug|Any CPU
		{8CD8AE6B-56E3-4286-89CF-3E07CC81A61B}.Release|Any CPU.ActiveCfg = Release|Any CPU
		{8CD8AE6B-56E3-4286-89CF-3E07CC81A61B}.Release|Any CPU.Build.0 = Release|Any CPU
		{71425C5E-2DFD-4EDE-B9C0-3B0D16B67BDD}.Debug|Any CPU.ActiveCfg = Debug|Any CPU
		{71425C5E-2DFD-4EDE-B9C0-3B0D16B67BDD}.Debug|Any CPU.Build.0 = Debug|Any CPU
		{71425C5E-2DFD-4EDE-B9C0-3B0D16B67BDD}.Release|Any CPU.ActiveCfg = Release|Any CPU
		{71425C5E-2DFD-4EDE-B9C0-3B0D16B67BDD}.Release|Any CPU.Build.0 = Release|Any CPU
		{C726FE0A-A028-4A7D-8F10-C06A26D59D85}.Debug|Any CPU.ActiveCfg = Debug|Any CPU
		{C726FE0A-A028-4A7D-8F10-C06A26D59D85}.Debug|Any CPU.Build.0 = Debug|Any CPU
		{C726FE0A-A028-4A7D-8F10-C06A26D59D85}.Release|Any CPU.ActiveCfg = Release|Any CPU
		{C726FE0A-A028-4A7D-8F10-C06A26D59D85}.Release|Any CPU.Build.0 = Release|Any CPU
		{AAA90DE2-17D6-4E8D-A588-4E17166B0625}.Debug|Any CPU.ActiveCfg = Debug|Any CPU
		{AAA90DE2-17D6-4E8D-A588-4E17166B0625}.Debug|Any CPU.Build.0 = Debug|Any CPU
		{AAA90DE2-17D6-4E8D-A588-4E17166B0625}.Release|Any CPU.ActiveCfg = Release|Any CPU
		{AAA90DE2-17D6-4E8D-A588-4E17166B0625}.Release|Any CPU.Build.0 = Release|Any CPU
		{CA955E18-FA71-4ADE-8D28-83C3D75C3BEF}.Debug|Any CPU.ActiveCfg = Debug|Any CPU
		{CA955E18-FA71-4ADE-8D28-83C3D75C3BEF}.Debug|Any CPU.Build.0 = Debug|Any CPU
		{CA955E18-FA71-4ADE-8D28-83C3D75C3BEF}.Release|Any CPU.ActiveCfg = Release|Any CPU
		{CA955E18-FA71-4ADE-8D28-83C3D75C3BEF}.Release|Any CPU.Build.0 = Release|Any CPU
		{CAB41F8D-004C-4DB1-B0F4-96857241A952}.Debug|Any CPU.ActiveCfg = Debug|Any CPU
		{CAB41F8D-004C-4DB1-B0F4-96857241A952}.Debug|Any CPU.Build.0 = Debug|Any CPU
		{CAB41F8D-004C-4DB1-B0F4-96857241A952}.Release|Any CPU.ActiveCfg = Release|Any CPU
		{CAB41F8D-004C-4DB1-B0F4-96857241A952}.Release|Any CPU.Build.0 = Release|Any CPU
		{659B3ED3-FCD1-41AD-9BFA-B3A1E4CF348B}.Debug|Any CPU.ActiveCfg = Debug|Any CPU
		{659B3ED3-FCD1-41AD-9BFA-B3A1E4CF348B}.Debug|Any CPU.Build.0 = Debug|Any CPU
		{659B3ED3-FCD1-41AD-9BFA-B3A1E4CF348B}.Release|Any CPU.ActiveCfg = Release|Any CPU
		{659B3ED3-FCD1-41AD-9BFA-B3A1E4CF348B}.Release|Any CPU.Build.0 = Release|Any CPU
		{F07E471A-128B-498E-AB1F-17367595C99C}.Debug|Any CPU.ActiveCfg = Debug|Any CPU
		{F07E471A-128B-498E-AB1F-17367595C99C}.Debug|Any CPU.Build.0 = Debug|Any CPU
		{F07E471A-128B-498E-AB1F-17367595C99C}.Release|Any CPU.ActiveCfg = Release|Any CPU
		{F07E471A-128B-498E-AB1F-17367595C99C}.Release|Any CPU.Build.0 = Release|Any CPU
		{6A60E60A-CC5D-4EE1-9CD4-2A0BAD6F466B}.Debug|Any CPU.ActiveCfg = Debug|Any CPU
		{6A60E60A-CC5D-4EE1-9CD4-2A0BAD6F466B}.Debug|Any CPU.Build.0 = Debug|Any CPU
		{6A60E60A-CC5D-4EE1-9CD4-2A0BAD6F466B}.Release|Any CPU.ActiveCfg = Release|Any CPU
		{6A60E60A-CC5D-4EE1-9CD4-2A0BAD6F466B}.Release|Any CPU.Build.0 = Release|Any CPU
		{771CA5C4-A30A-486F-BD9B-00126F3AABAD}.Debug|Any CPU.ActiveCfg = Debug|Any CPU
		{771CA5C4-A30A-486F-BD9B-00126F3AABAD}.Debug|Any CPU.Build.0 = Debug|Any CPU
		{771CA5C4-A30A-486F-BD9B-00126F3AABAD}.Release|Any CPU.ActiveCfg = Release|Any CPU
		{771CA5C4-A30A-486F-BD9B-00126F3AABAD}.Release|Any CPU.Build.0 = Release|Any CPU
		{320A156E-DCC1-4DBB-9BA0-17CE84398393}.Debug|Any CPU.ActiveCfg = Debug|Any CPU
		{320A156E-DCC1-4DBB-9BA0-17CE84398393}.Debug|Any CPU.Build.0 = Debug|Any CPU
		{320A156E-DCC1-4DBB-9BA0-17CE84398393}.Release|Any CPU.ActiveCfg = Release|Any CPU
		{320A156E-DCC1-4DBB-9BA0-17CE84398393}.Release|Any CPU.Build.0 = Release|Any CPU
		{33547251-659B-4486-B6BC-F49DB67E5684}.Debug|Any CPU.ActiveCfg = Debug|Any CPU
		{33547251-659B-4486-B6BC-F49DB67E5684}.Debug|Any CPU.Build.0 = Debug|Any CPU
		{33547251-659B-4486-B6BC-F49DB67E5684}.Release|Any CPU.ActiveCfg = Release|Any CPU
		{33547251-659B-4486-B6BC-F49DB67E5684}.Release|Any CPU.Build.0 = Release|Any CPU
		{D831B404-236F-445D-9578-4DFF421A775C}.Debug|Any CPU.ActiveCfg = Debug|Any CPU
		{D831B404-236F-445D-9578-4DFF421A775C}.Debug|Any CPU.Build.0 = Debug|Any CPU
		{D831B404-236F-445D-9578-4DFF421A775C}.Release|Any CPU.ActiveCfg = Release|Any CPU
		{D831B404-236F-445D-9578-4DFF421A775C}.Release|Any CPU.Build.0 = Release|Any CPU
		{C2540CB4-CE53-4492-8FC6-D45A1DD241E2}.Debug|Any CPU.ActiveCfg = Debug|Any CPU
		{C2540CB4-CE53-4492-8FC6-D45A1DD241E2}.Debug|Any CPU.Build.0 = Debug|Any CPU
		{C2540CB4-CE53-4492-8FC6-D45A1DD241E2}.Release|Any CPU.ActiveCfg = Release|Any CPU
		{C2540CB4-CE53-4492-8FC6-D45A1DD241E2}.Release|Any CPU.Build.0 = Release|Any CPU
		{DAE69356-0DC3-4545-9D62-2C4BCAD7E3FA}.Debug|Any CPU.ActiveCfg = Debug|Any CPU
		{DAE69356-0DC3-4545-9D62-2C4BCAD7E3FA}.Debug|Any CPU.Build.0 = Debug|Any CPU
		{DAE69356-0DC3-4545-9D62-2C4BCAD7E3FA}.Release|Any CPU.ActiveCfg = Release|Any CPU
		{DAE69356-0DC3-4545-9D62-2C4BCAD7E3FA}.Release|Any CPU.Build.0 = Release|Any CPU
		{4E3DCB10-94AC-4D40-BD0C-4526319541CD}.Debug|Any CPU.ActiveCfg = Debug|Any CPU
		{4E3DCB10-94AC-4D40-BD0C-4526319541CD}.Debug|Any CPU.Build.0 = Debug|Any CPU
		{4E3DCB10-94AC-4D40-BD0C-4526319541CD}.Release|Any CPU.ActiveCfg = Release|Any CPU
		{4E3DCB10-94AC-4D40-BD0C-4526319541CD}.Release|Any CPU.Build.0 = Release|Any CPU
		{CFD2E6DF-C39E-47A2-BCC8-E9B5AC244D84}.Debug|Any CPU.ActiveCfg = Debug|Any CPU
		{CFD2E6DF-C39E-47A2-BCC8-E9B5AC244D84}.Debug|Any CPU.Build.0 = Debug|Any CPU
		{CFD2E6DF-C39E-47A2-BCC8-E9B5AC244D84}.Release|Any CPU.ActiveCfg = Release|Any CPU
		{CFD2E6DF-C39E-47A2-BCC8-E9B5AC244D84}.Release|Any CPU.Build.0 = Release|Any CPU
		{A10322D9-1F37-4D87-AD27-2FF7D83F88D6}.Debug|Any CPU.ActiveCfg = Debug|Any CPU
		{A10322D9-1F37-4D87-AD27-2FF7D83F88D6}.Debug|Any CPU.Build.0 = Debug|Any CPU
		{A10322D9-1F37-4D87-AD27-2FF7D83F88D6}.Release|Any CPU.ActiveCfg = Release|Any CPU
		{A10322D9-1F37-4D87-AD27-2FF7D83F88D6}.Release|Any CPU.Build.0 = Release|Any CPU
		{B8F54AF3-BC96-4320-A267-32EF5DA017D0}.Debug|Any CPU.ActiveCfg = Debug|Any CPU
		{B8F54AF3-BC96-4320-A267-32EF5DA017D0}.Debug|Any CPU.Build.0 = Debug|Any CPU
		{B8F54AF3-BC96-4320-A267-32EF5DA017D0}.Release|Any CPU.ActiveCfg = Release|Any CPU
		{B8F54AF3-BC96-4320-A267-32EF5DA017D0}.Release|Any CPU.Build.0 = Release|Any CPU
	EndGlobalSection
	GlobalSection(SolutionProperties) = preSolution
		HideSolutionNode = FALSE
	EndGlobalSection
	GlobalSection(NestedProjects) = preSolution
		{8CD8AE6B-56E3-4286-89CF-3E07CC81A61B} = {7DFE4CFF-8A29-49DE-A845-38A9156B7479}
		{71425C5E-2DFD-4EDE-B9C0-3B0D16B67BDD} = {7DFE4CFF-8A29-49DE-A845-38A9156B7479}
		{C726FE0A-A028-4A7D-8F10-C06A26D59D85} = {7DFE4CFF-8A29-49DE-A845-38A9156B7479}
		{AAA90DE2-17D6-4E8D-A588-4E17166B0625} = {7DFE4CFF-8A29-49DE-A845-38A9156B7479}
		{CA955E18-FA71-4ADE-8D28-83C3D75C3BEF} = {7DFE4CFF-8A29-49DE-A845-38A9156B7479}
		{CAB41F8D-004C-4DB1-B0F4-96857241A952} = {35EF91BA-A9B7-481D-99E9-5310145E1C2A}
		{659B3ED3-FCD1-41AD-9BFA-B3A1E4CF348B} = {35EF91BA-A9B7-481D-99E9-5310145E1C2A}
		{F07E471A-128B-498E-AB1F-17367595C99C} = {35EF91BA-A9B7-481D-99E9-5310145E1C2A}
		{6A60E60A-CC5D-4EE1-9CD4-2A0BAD6F466B} = {35EF91BA-A9B7-481D-99E9-5310145E1C2A}
		{771CA5C4-A30A-486F-BD9B-00126F3AABAD} = {35EF91BA-A9B7-481D-99E9-5310145E1C2A}
		{320A156E-DCC1-4DBB-9BA0-17CE84398393} = {2D16E0D3-0F16-4CEB-B8DF-2DCF492CE769}
		{33547251-659B-4486-B6BC-F49DB67E5684} = {2D16E0D3-0F16-4CEB-B8DF-2DCF492CE769}
		{D831B404-236F-445D-9578-4DFF421A775C} = {2D16E0D3-0F16-4CEB-B8DF-2DCF492CE769}
		{C2540CB4-CE53-4492-8FC6-D45A1DD241E2} = {2D16E0D3-0F16-4CEB-B8DF-2DCF492CE769}
		{DAE69356-0DC3-4545-9D62-2C4BCAD7E3FA} = {54F2F2BE-B878-4991-8974-73905C0834B4}
		{4E3DCB10-94AC-4D40-BD0C-4526319541CD} = {54F2F2BE-B878-4991-8974-73905C0834B4}
		{CFD2E6DF-C39E-47A2-BCC8-E9B5AC244D84} = {54F2F2BE-B878-4991-8974-73905C0834B4}
		{A10322D9-1F37-4D87-AD27-2FF7D83F88D6} = {54F2F2BE-B878-4991-8974-73905C0834B4}
		{B8F54AF3-BC96-4320-A267-32EF5DA017D0} = {4D7E73C1-8677-43E2-9544-2FEBBCD5FA37}
	EndGlobalSection
	GlobalSection(ExtensibilityGlobals) = postSolution
		SolutionGuid = {113E3346-818E-4644-99FC-B958F06048AC}
	EndGlobalSection
EndGlobal
